
Microsoft Visual Studio Solution File, Format Version 12.00
# Visual Studio Version 16
VisualStudioVersion = 16.0.28803.352
MinimumVisualStudioVersion = 10.0.40219.1
Project("{FAE04EC0-301F-11D3-BF4B-00C04F79EFBC}") = "RemuxMovies", "RemuxMovies\RemuxMovies.csproj", "{13388262-5FFD-42E0-84AC-4859ACB2E705}"
EndProject
Global
	GlobalSection(SolutionConfigurationPlatforms) = preSolution
		Debug|Any CPU = Debug|Any CPU
		Debug|x64 = Debug|x64
		Release|Any CPU = Release|Any CPU
		Release|x64 = Release|x64
	EndGlobalSection
	GlobalSection(ProjectConfigurationPlatforms) = postSolution
		{13388262-5FFD-42E0-84AC-4859ACB2E705}.Debug|Any CPU.ActiveCfg = Debug|Any CPU
		{13388262-5FFD-42E0-84AC-4859ACB2E705}.Debug|Any CPU.Build.0 = Debug|Any CPU
		{13388262-5FFD-42E0-84AC-4859ACB2E705}.Debug|x64.ActiveCfg = Debug|x64
		{13388262-5FFD-42E0-84AC-4859ACB2E705}.Debug|x64.Build.0 = Debug|x64
		{13388262-5FFD-42E0-84AC-4859ACB2E705}.Release|Any CPU.ActiveCfg = Release|Any CPU
		{13388262-5FFD-42E0-84AC-4859ACB2E705}.Release|Any CPU.Build.0 = Release|Any CPU
		{13388262-5FFD-42E0-84AC-4859ACB2E705}.Release|x64.ActiveCfg = Release|x64
		{13388262-5FFD-42E0-84AC-4859ACB2E705}.Release|x64.Build.0 = Release|x64
	EndGlobalSection
	GlobalSection(SolutionProperties) = preSolution
		HideSolutionNode = FALSE
	EndGlobalSection
	GlobalSection(ExtensibilityGlobals) = postSolution
		SolutionGuid = {9E7C6481-BC88-43E7-A8AF-E06BB3314116}
	EndGlobalSection
EndGlobal
